{
  "lockfile-version": 1,
  "manifest": {
    "version": 1,
    "install": {
      "python312": {
        "pkg-path": "python312Packages.pip"
      }
    },
    "options": {
      "systems": [
        "aarch64-darwin",
        "aarch64-linux",
        "x86_64-darwin",
        "x86_64-linux"
      ]
    },
    "build": {
      "claude": {
        "command": "pip install -r requirements.txt --target=$out\ncp claude.py $out/bin/claude\n"
      }
    }
  },
  "packages": [
    {
      "attr_path": "python312Packages.pip",
      "broken": false,
      "derivation": "/nix/store/2ixfqmr6n0jp0ji7132cahx4hk3kprrr-python3.12-pip-25.0.1.drv",
      "description": "PyPA recommended tool for installing Python packages",
      "install_id": "python312",
      "license": "[ MIT ]",
      "locked_url": "https://github.com/flox/nixpkgs?rev=52faf482a3889b7619003c0daec593a1912fddc1",
      "name": "python3.12-pip-25.0.1",
      "pname": "pip",
      "rev": "52faf482a3889b7619003c0daec593a1912fddc1",
      "rev_count": 776537,
      "rev_date": "2025-03-30T06:12:12Z",
      "scrape_date": "2025-04-01T01:11:49.033187Z",
      "stabilities": [
        "unstable"
      ],
      "unfree": false,
      "version": "25.0.1",
      "outputs_to_install": [
        "man",
        "out"
      ],
      "outputs": {
        "dist": "/nix/store/m4c3wmy7ls7f2023jwzjzlwbc8jn4l0p-python3.12-pip-25.0.1-dist",
        "man": "/nix/store/cb5fijd1xhbly1hgqi0yhxhbb2isbnmy-python3.12-pip-25.0.1-man",
        "out": "/nix/store/0cyzisjbp0bxwdw55b8nl19jk4g2ryil-python3.12-pip-25.0.1"
      },
      "system": "aarch64-darwin",
      "group": "toplevel",
      "priority": 5
    },
    {
      "attr_path": "python312Packages.pip",
      "broken": false,
      "derivation": "/nix/store/vj5md45g56fph99zgd66xmrnpq24jzb6-python3.12-pip-25.0.1.drv",
      "description": "PyPA recommended tool for installing Python packages",
      "install_id": "python312",
      "license": "[ MIT ]",
      "locked_url": "https://github.com/flox/nixpkgs?rev=52faf482a3889b7619003c0daec593a1912fddc1",
      "name": "python3.12-pip-25.0.1",
      "pname": "pip",
      "rev": "52faf482a3889b7619003c0daec593a1912fddc1",
      "rev_count": 776537,
      "rev_date": "2025-03-30T06:12:12Z",
      "scrape_date": "2025-04-01T01:30:40.009350Z",
      "stabilities": [
        "unstable"
      ],
      "unfree": false,
      "version": "25.0.1",
      "outputs_to_install": [
        "man",
        "out"
      ],
      "outputs": {
        "dist": "/nix/store/pzi38jap0mfjh17z5h8kamiw7yl80r38-python3.12-pip-25.0.1-dist",
        "man": "/nix/store/kn7fzrhjn0cq4041yjygih3br1ryxkj0-python3.12-pip-25.0.1-man",
        "out": "/nix/store/kzbc2c0mi739xn67v6bw7996diwz3gxj-python3.12-pip-25.0.1"
      },
      "system": "aarch64-linux",
      "group": "toplevel",
      "priority": 5
    },
    {
      "attr_path": "python312Packages.pip",
      "broken": false,
      "derivation": "/nix/store/4dw25g5x63msibzascb9x15lc8dliwvl-python3.12-pip-25.0.1.drv",
      "description": "PyPA recommended tool for installing Python packages",
      "install_id": "python312",
      "license": "[ MIT ]",
      "locked_url": "https://github.com/flox/nixpkgs?rev=52faf482a3889b7619003c0daec593a1912fddc1",
      "name": "python3.12-pip-25.0.1",
      "pname": "pip",
      "rev": "52faf482a3889b7619003c0daec593a1912fddc1",
      "rev_count": 776537,
      "rev_date": "2025-03-30T06:12:12Z",
      "scrape_date": "2025-04-01T01:46:55.532431Z",
      "stabilities": [
        "unstable"
      ],
      "unfree": false,
      "version": "25.0.1",
      "outputs_to_install": [
        "man",
        "out"
      ],
      "outputs": {
        "dist": "/nix/store/3nirc736dh8p8kn1r0lr2pwvkcv0mnn0-python3.12-pip-25.0.1-dist",
        "man": "/nix/store/0gb727pfpchr3cml4qkpab7nhfga1ipr-python3.12-pip-25.0.1-man",
        "out": "/nix/store/2zamcamk21mwhdpxizvln579vrkjfb11-python3.12-pip-25.0.1"
      },
      "system": "x86_64-darwin",
      "group": "toplevel",
      "priority": 5
    },
    {
      "attr_path": "python312Packages.pip",
      "broken": false,
      "derivation": "/nix/store/v20yxi8wralra40q4vyryj3r60m9i7lj-python3.12-pip-25.0.1.drv",
      "description": "PyPA recommended tool for installing Python packages",
      "install_id": "python312",
      "license": "[ MIT ]",
      "locked_url": "https://github.com/flox/nixpkgs?rev=52faf482a3889b7619003c0daec593a1912fddc1",
      "name": "python3.12-pip-25.0.1",
      "pname": "pip",
      "rev": "52faf482a3889b7619003c0daec593a1912fddc1",
      "rev_count": 776537,
      "rev_date": "2025-03-30T06:12:12Z",
      "scrape_date": "2025-04-01T02:07:27.018692Z",
      "stabilities": [
        "unstable"
      ],
      "unfree": false,
      "version": "25.0.1",
      "outputs_to_install": [
        "man",
        "out"
      ],
      "outputs": {
        "dist": "/nix/store/jimva08akkqx0664d5wv9vpp77gmfd21-python3.12-pip-25.0.1-dist",
        "man": "/nix/store/ki6m2w4b4jk1iz9pz0vb8v7x0p60p84l-python3.12-pip-25.0.1-man",
        "out": "/nix/store/n4k89cdabvy17hw583d5h150q6sm3brd-python3.12-pip-25.0.1"
      },
      "system": "x86_64-linux",
      "group": "toplevel",
      "priority": 5
    }
  ]
}