{
  "lockfile-version": 1,
  "manifest": {
    "version": 1,
    "install": {
      "anthropic": {
        "pkg-path": "python312Packages.anthropic"
      },
      "click": {
        "pkg-path": "python312Packages.click"
      },
      "pip": {
        "pkg-path": "python312Packages.pip"
      },
      "python": {
        "pkg-path": "python312"
      }
    },
    "options": {},
    "build": {
      "claude": {
        "command": "mkdir -p $out/bin\ncp claude.py $out/bin/claude\n",
        "description": "A command-line interface to Claude from Anthropic"
      }
    }
  },
  "packages": [
    {
      "attr_path": "python312Packages.anthropic",
      "broken": false,
      "derivation": "/nix/store/fmmrs3ql2szkxaxbljkbvwgjx5bghma5-python3.12-anthropic-0.49.0.drv",
      "description": "Anthropic's safety-first language model APIs",
      "install_id": "anthropic",
      "license": "MIT",
      "locked_url": "https://github.com/flox/nixpkgs?rev=42a1c966be226125b48c384171c44c651c236c22",
      "name": "python3.12-anthropic-0.49.0",
      "pname": "anthropic",
      "rev": "42a1c966be226125b48c384171c44c651c236c22",
      "rev_count": 779115,
      "rev_date": "2025-04-05T04:29:29Z",
      "scrape_date": "2025-04-07T01:12:14.882448Z",
      "stabilities": [
        "unstable"
      ],
      "unfree": false,
      "version": "0.49.0",
      "outputs_to_install": [
        "out"
      ],
      "outputs": {
        "dist": "/nix/store/mxq8a18vh50xqk4lcavrgvajfvckbsp6-python3.12-anthropic-0.49.0-dist",
        "out": "/nix/store/8jrkk77405axzpkd9bymwhz72jd7ylfm-python3.12-anthropic-0.49.0"
      },
      "system": "aarch64-darwin",
      "group": "toplevel",
      "priority": 5
    },
    {
      "attr_path": "python312Packages.anthropic",
      "broken": false,
      "derivation": "/nix/store/lhqp6ay2p23rgxqag347iwjdad08dnvn-python3.12-anthropic-0.49.0.drv",
      "description": "Anthropic's safety-first language model APIs",
      "install_id": "anthropic",
      "license": "MIT",
      "locked_url": "https://github.com/flox/nixpkgs?rev=42a1c966be226125b48c384171c44c651c236c22",
      "name": "python3.12-anthropic-0.49.0",
      "pname": "anthropic",
      "rev": "42a1c966be226125b48c384171c44c651c236c22",
      "rev_count": 779115,
      "rev_date": "2025-04-05T04:29:29Z",
      "scrape_date": "2025-04-07T01:31:05.370561Z",
      "stabilities": [
        "unstable"
      ],
      "unfree": false,
      "version": "0.49.0",
      "outputs_to_install": [
        "out"
      ],
      "outputs": {
        "dist": "/nix/store/31d2i75kk256x0n3d1p21r11rpp85inx-python3.12-anthropic-0.49.0-dist",
        "out": "/nix/store/jvsk21xmfwyr9q7asshbk857jz2rpzqx-python3.12-anthropic-0.49.0"
      },
      "system": "aarch64-linux",
      "group": "toplevel",
      "priority": 5
    },
    {
      "attr_path": "python312Packages.anthropic",
      "broken": false,
      "derivation": "/nix/store/3fjd5ig29hk1dlblqzgq2lyjgm34xv0p-python3.12-anthropic-0.49.0.drv",
      "description": "Anthropic's safety-first language model APIs",
      "install_id": "anthropic",
      "license": "MIT",
      "locked_url": "https://github.com/flox/nixpkgs?rev=42a1c966be226125b48c384171c44c651c236c22",
      "name": "python3.12-anthropic-0.49.0",
      "pname": "anthropic",
      "rev": "42a1c966be226125b48c384171c44c651c236c22",
      "rev_count": 779115,
      "rev_date": "2025-04-05T04:29:29Z",
      "scrape_date": "2025-04-07T01:47:23.859655Z",
      "stabilities": [
        "unstable"
      ],
      "unfree": false,
      "version": "0.49.0",
      "outputs_to_install": [
        "out"
      ],
      "outputs": {
        "dist": "/nix/store/vxb4gfwvns20j7kn75a4spmdjyn812w4-python3.12-anthropic-0.49.0-dist",
        "out": "/nix/store/f8jh29j49knk6q3rv886j735ywrzk3vq-python3.12-anthropic-0.49.0"
      },
      "system": "x86_64-darwin",
      "group": "toplevel",
      "priority": 5
    },
    {
      "attr_path": "python312Packages.anthropic",
      "broken": false,
      "derivation": "/nix/store/1097x4pfxw60rvajbpdvrhhd3k4nsw8l-python3.12-anthropic-0.49.0.drv",
      "description": "Anthropic's safety-first language model APIs",
      "install_id": "anthropic",
      "license": "MIT",
      "locked_url": "https://github.com/flox/nixpkgs?rev=42a1c966be226125b48c384171c44c651c236c22",
      "name": "python3.12-anthropic-0.49.0",
      "pname": "anthropic",
      "rev": "42a1c966be226125b48c384171c44c651c236c22",
      "rev_count": 779115,
      "rev_date": "2025-04-05T04:29:29Z",
      "scrape_date": "2025-04-07T02:07:19.770110Z",
      "stabilities": [
        "unstable"
      ],
      "unfree": false,
      "version": "0.49.0",
      "outputs_to_install": [
        "out"
      ],
      "outputs": {
        "dist": "/nix/store/hhdby88h401wnf27yr7k9hbxglac57q9-python3.12-anthropic-0.49.0-dist",
        "out": "/nix/store/1r0ab63j34wch2kb2pzp3cxd0163lakh-python3.12-anthropic-0.49.0"
      },
      "system": "x86_64-linux",
      "group": "toplevel",
      "priority": 5
    },
    {
      "attr_path": "python312Packages.click",
      "broken": false,
      "derivation": "/nix/store/s6flkw3932z42sf3jk6acgyb7x2n5xnf-python3.12-click-8.1.8.drv",
      "description": "Create beautiful command line interfaces in Python",
      "install_id": "click",
      "license": "BSD-3-Clause",
      "locked_url": "https://github.com/flox/nixpkgs?rev=42a1c966be226125b48c384171c44c651c236c22",
      "name": "python3.12-click-8.1.8",
      "pname": "click",
      "rev": "42a1c966be226125b48c384171c44c651c236c22",
      "rev_count": 779115,
      "rev_date": "2025-04-05T04:29:29Z",
      "scrape_date": "2025-04-07T01:12:15.493674Z",
      "stabilities": [
        "unstable"
      ],
      "unfree": false,
      "version": "8.1.8",
      "outputs_to_install": [
        "out"
      ],
      "outputs": {
        "dist": "/nix/store/m95l3kmadma0p7pc1bwrkq8jxqynrgnn-python3.12-click-8.1.8-dist",
        "out": "/nix/store/mgwi7ql0qs3dbh61npasx7w44gnhfjc2-python3.12-click-8.1.8"
      },
      "system": "aarch64-darwin",
      "group": "toplevel",
      "priority": 5
    },
    {
      "attr_path": "python312Packages.click",
      "broken": false,
      "derivation": "/nix/store/6ivxqm0k7vkv9gdylppm0b3669l1gcl8-python3.12-click-8.1.8.drv",
      "description": "Create beautiful command line interfaces in Python",
      "install_id": "click",
      "license": "BSD-3-Clause",
      "locked_url": "https://github.com/flox/nixpkgs?rev=42a1c966be226125b48c384171c44c651c236c22",
      "name": "python3.12-click-8.1.8",
      "pname": "click",
      "rev": "42a1c966be226125b48c384171c44c651c236c22",
      "rev_count": 779115,
      "rev_date": "2025-04-05T04:29:29Z",
      "scrape_date": "2025-04-07T01:31:06.346094Z",
      "stabilities": [
        "unstable"
      ],
      "unfree": false,
      "version": "8.1.8",
      "outputs_to_install": [
        "out"
      ],
      "outputs": {
        "dist": "/nix/store/l66hl8fl7g6b1jz7jdb9kp5x6b2kzxyq-python3.12-click-8.1.8-dist",
        "out": "/nix/store/wyjhx6489nf2y5w60qsal227217vh5hl-python3.12-click-8.1.8"
      },
      "system": "aarch64-linux",
      "group": "toplevel",
      "priority": 5
    },
    {
      "attr_path": "python312Packages.click",
      "broken": false,
      "derivation": "/nix/store/wqykyqsjahb54xy6ax00cqk7asx9vvx3-python3.12-click-8.1.8.drv",
      "description": "Create beautiful command line interfaces in Python",
      "install_id": "click",
      "license": "BSD-3-Clause",
      "locked_url": "https://github.com/flox/nixpkgs?rev=42a1c966be226125b48c384171c44c651c236c22",
      "name": "python3.12-click-8.1.8",
      "pname": "click",
      "rev": "42a1c966be226125b48c384171c44c651c236c22",
      "rev_count": 779115,
      "rev_date": "2025-04-05T04:29:29Z",
      "scrape_date": "2025-04-07T01:47:24.466901Z",
      "stabilities": [
        "unstable"
      ],
      "unfree": false,
      "version": "8.1.8",
      "outputs_to_install": [
        "out"
      ],
      "outputs": {
        "dist": "/nix/store/8423z3m2cpjq7ivcvfv7c4pi97ag1rgy-python3.12-click-8.1.8-dist",
        "out": "/nix/store/a80pkj1dh6sgw1nbkymwdhmbkwfzdls8-python3.12-click-8.1.8"
      },
      "system": "x86_64-darwin",
      "group": "toplevel",
      "priority": 5
    },
    {
      "attr_path": "python312Packages.click",
      "broken": false,
      "derivation": "/nix/store/i07q855qhgrkfigafdb6kd40ph9jkcjl-python3.12-click-8.1.8.drv",
      "description": "Create beautiful command line interfaces in Python",
      "install_id": "click",
      "license": "BSD-3-Clause",
      "locked_url": "https://github.com/flox/nixpkgs?rev=42a1c966be226125b48c384171c44c651c236c22",
      "name": "python3.12-click-8.1.8",
      "pname": "click",
      "rev": "42a1c966be226125b48c384171c44c651c236c22",
      "rev_count": 779115,
      "rev_date": "2025-04-05T04:29:29Z",
      "scrape_date": "2025-04-07T02:07:20.819824Z",
      "stabilities": [
        "unstable"
      ],
      "unfree": false,
      "version": "8.1.8",
      "outputs_to_install": [
        "out"
      ],
      "outputs": {
        "dist": "/nix/store/wi3vhmn1rlj9v6cddl35kfpa49mmdsvk-python3.12-click-8.1.8-dist",
        "out": "/nix/store/5sv8vflbfs3q0ybspcn0wjy55mzv1app-python3.12-click-8.1.8"
      },
      "system": "x86_64-linux",
      "group": "toplevel",
      "priority": 5
    },
    {
      "attr_path": "python312Packages.pip",
      "broken": false,
      "derivation": "/nix/store/2ixfqmr6n0jp0ji7132cahx4hk3kprrr-python3.12-pip-25.0.1.drv",
      "description": "PyPA recommended tool for installing Python packages",
      "install_id": "pip",
      "license": "[ MIT ]",
      "locked_url": "https://github.com/flox/nixpkgs?rev=42a1c966be226125b48c384171c44c651c236c22",
      "name": "python3.12-pip-25.0.1",
      "pname": "pip",
      "rev": "42a1c966be226125b48c384171c44c651c236c22",
      "rev_count": 779115,
      "rev_date": "2025-04-05T04:29:29Z",
      "scrape_date": "2025-04-07T01:12:18.908898Z",
      "stabilities": [
        "unstable"
      ],
      "unfree": false,
      "version": "25.0.1",
      "outputs_to_install": [
        "man",
        "out"
      ],
      "outputs": {
        "dist": "/nix/store/m4c3wmy7ls7f2023jwzjzlwbc8jn4l0p-python3.12-pip-25.0.1-dist",
        "man": "/nix/store/cb5fijd1xhbly1hgqi0yhxhbb2isbnmy-python3.12-pip-25.0.1-man",
        "out": "/nix/store/0cyzisjbp0bxwdw55b8nl19jk4g2ryil-python3.12-pip-25.0.1"
      },
      "system": "aarch64-darwin",
      "group": "toplevel",
      "priority": 5
    },
    {
      "attr_path": "python312Packages.pip",
      "broken": false,
      "derivation": "/nix/store/vj5md45g56fph99zgd66xmrnpq24jzb6-python3.12-pip-25.0.1.drv",
      "description": "PyPA recommended tool for installing Python packages",
      "install_id": "pip",
      "license": "[ MIT ]",
      "locked_url": "https://github.com/flox/nixpkgs?rev=42a1c966be226125b48c384171c44c651c236c22",
      "name": "python3.12-pip-25.0.1",
      "pname": "pip",
      "rev": "42a1c966be226125b48c384171c44c651c236c22",
      "rev_count": 779115,
      "rev_date": "2025-04-05T04:29:29Z",
      "scrape_date": "2025-04-07T01:31:11.610294Z",
      "stabilities": [
        "unstable"
      ],
      "unfree": false,
      "version": "25.0.1",
      "outputs_to_install": [
        "man",
        "out"
      ],
      "outputs": {
        "dist": "/nix/store/pzi38jap0mfjh17z5h8kamiw7yl80r38-python3.12-pip-25.0.1-dist",
        "man": "/nix/store/kn7fzrhjn0cq4041yjygih3br1ryxkj0-python3.12-pip-25.0.1-man",
        "out": "/nix/store/kzbc2c0mi739xn67v6bw7996diwz3gxj-python3.12-pip-25.0.1"
      },
      "system": "aarch64-linux",
      "group": "toplevel",
      "priority": 5
    },
    {
      "attr_path": "python312Packages.pip",
      "broken": false,
      "derivation": "/nix/store/4dw25g5x63msibzascb9x15lc8dliwvl-python3.12-pip-25.0.1.drv",
      "description": "PyPA recommended tool for installing Python packages",
      "install_id": "pip",
      "license": "[ MIT ]",
      "locked_url": "https://github.com/flox/nixpkgs?rev=42a1c966be226125b48c384171c44c651c236c22",
      "name": "python3.12-pip-25.0.1",
      "pname": "pip",
      "rev": "42a1c966be226125b48c384171c44c651c236c22",
      "rev_count": 779115,
      "rev_date": "2025-04-05T04:29:29Z",
      "scrape_date": "2025-04-07T01:47:27.875991Z",
      "stabilities": [
        "unstable"
      ],
      "unfree": false,
      "version": "25.0.1",
      "outputs_to_install": [
        "man",
        "out"
      ],
      "outputs": {
        "dist": "/nix/store/3nirc736dh8p8kn1r0lr2pwvkcv0mnn0-python3.12-pip-25.0.1-dist",
        "man": "/nix/store/0gb727pfpchr3cml4qkpab7nhfga1ipr-python3.12-pip-25.0.1-man",
        "out": "/nix/store/2zamcamk21mwhdpxizvln579vrkjfb11-python3.12-pip-25.0.1"
      },
      "system": "x86_64-darwin",
      "group": "toplevel",
      "priority": 5
    },
    {
      "attr_path": "python312Packages.pip",
      "broken": false,
      "derivation": "/nix/store/v20yxi8wralra40q4vyryj3r60m9i7lj-python3.12-pip-25.0.1.drv",
      "description": "PyPA recommended tool for installing Python packages",
      "install_id": "pip",
      "license": "[ MIT ]",
      "locked_url": "https://github.com/flox/nixpkgs?rev=42a1c966be226125b48c384171c44c651c236c22",
      "name": "python3.12-pip-25.0.1",
      "pname": "pip",
      "rev": "42a1c966be226125b48c384171c44c651c236c22",
      "rev_count": 779115,
      "rev_date": "2025-04-05T04:29:29Z",
      "scrape_date": "2025-04-07T02:07:26.477168Z",
      "stabilities": [
        "unstable"
      ],
      "unfree": false,
      "version": "25.0.1",
      "outputs_to_install": [
        "man",
        "out"
      ],
      "outputs": {
        "dist": "/nix/store/jimva08akkqx0664d5wv9vpp77gmfd21-python3.12-pip-25.0.1-dist",
        "man": "/nix/store/ki6m2w4b4jk1iz9pz0vb8v7x0p60p84l-python3.12-pip-25.0.1-man",
        "out": "/nix/store/n4k89cdabvy17hw583d5h150q6sm3brd-python3.12-pip-25.0.1"
      },
      "system": "x86_64-linux",
      "group": "toplevel",
      "priority": 5
    },
    {
      "attr_path": "python312",
      "broken": false,
      "derivation": "/nix/store/cb1gsjqlf1dzry390xrsl6ghpaqmsaxd-python3-3.12.9.drv",
      "description": "High-level dynamically-typed programming language",
      "install_id": "python",
      "license": "Python-2.0",
      "locked_url": "https://github.com/flox/nixpkgs?rev=42a1c966be226125b48c384171c44c651c236c22",
      "name": "python3-3.12.9",
      "pname": "python312",
      "rev": "42a1c966be226125b48c384171c44c651c236c22",
      "rev_count": 779115,
      "rev_date": "2025-04-05T04:29:29Z",
      "scrape_date": "2025-04-07T01:12:14.604716Z",
      "stabilities": [
        "unstable"
      ],
      "unfree": false,
      "version": "python3-3.12.9",
      "outputs_to_install": [
        "out"
      ],
      "outputs": {
        "out": "/nix/store/3p3agnh4792y8bgjp0s8xx5bym1ahpks-python3-3.12.9"
      },
      "system": "aarch64-darwin",
      "group": "toplevel",
      "priority": 5
    },
    {
      "attr_path": "python312",
      "broken": false,
      "derivation": "/nix/store/cvm8irmg5j24v0iqk8w6z254jcl9vjzd-python3-3.12.9.drv",
      "description": "High-level dynamically-typed programming language",
      "install_id": "python",
      "license": "Python-2.0",
      "locked_url": "https://github.com/flox/nixpkgs?rev=42a1c966be226125b48c384171c44c651c236c22",
      "name": "python3-3.12.9",
      "pname": "python312",
      "rev": "42a1c966be226125b48c384171c44c651c236c22",
      "rev_count": 779115,
      "rev_date": "2025-04-05T04:29:29Z",
      "scrape_date": "2025-04-07T01:31:04.932109Z",
      "stabilities": [
        "unstable"
      ],
      "unfree": false,
      "version": "python3-3.12.9",
      "outputs_to_install": [
        "out"
      ],
      "outputs": {
        "debug": "/nix/store/p2ym34g9y2w9k3w2pgbj2akn7b5l6xlh-python3-3.12.9-debug",
        "out": "/nix/store/cxhrrsf7spcgdkrxmlbfzc1bh46rzf7w-python3-3.12.9"
      },
      "system": "aarch64-linux",
      "group": "toplevel",
      "priority": 5
    },
    {
      "attr_path": "python312",
      "broken": false,
      "derivation": "/nix/store/xzh86qk42dj8pqq3v9qay3ckvb97hyi3-python3-3.12.9.drv",
      "description": "High-level dynamically-typed programming language",
      "install_id": "python",
      "license": "Python-2.0",
      "locked_url": "https://github.com/flox/nixpkgs?rev=42a1c966be226125b48c384171c44c651c236c22",
      "name": "python3-3.12.9",
      "pname": "python312",
      "rev": "42a1c966be226125b48c384171c44c651c236c22",
      "rev_count": 779115,
      "rev_date": "2025-04-05T04:29:29Z",
      "scrape_date": "2025-04-07T01:47:23.579158Z",
      "stabilities": [
        "unstable"
      ],
      "unfree": false,
      "version": "python3-3.12.9",
      "outputs_to_install": [
        "out"
      ],
      "outputs": {
        "out": "/nix/store/8fw6a4is5mkpmr9vd80inz63qdi130m3-python3-3.12.9"
      },
      "system": "x86_64-darwin",
      "group": "toplevel",
      "priority": 5
    },
    {
      "attr_path": "python312",
      "broken": false,
      "derivation": "/nix/store/0mg12776wbbfzw2fdslyhir14cw1cgfj-python3-3.12.9.drv",
      "description": "High-level dynamically-typed programming language",
      "install_id": "python",
      "license": "Python-2.0",
      "locked_url": "https://github.com/flox/nixpkgs?rev=42a1c966be226125b48c384171c44c651c236c22",
      "name": "python3-3.12.9",
      "pname": "python312",
      "rev": "42a1c966be226125b48c384171c44c651c236c22",
      "rev_count": 779115,
      "rev_date": "2025-04-05T04:29:29Z",
      "scrape_date": "2025-04-07T02:07:19.300066Z",
      "stabilities": [
        "unstable"
      ],
      "unfree": false,
      "version": "python3-3.12.9",
      "outputs_to_install": [
        "out"
      ],
      "outputs": {
        "debug": "/nix/store/1kjknndig10774mkf6b2b95kn17q4rm5-python3-3.12.9-debug",
        "out": "/nix/store/f2krmq3iv5nibcvn4rw7nrnrciqprdkh-python3-3.12.9"
      },
      "system": "x86_64-linux",
      "group": "toplevel",
      "priority": 5
    }
  ]
}